
Microsoft Visual Studio Solution File, Format Version 12.00
# Visual Studio Version 17
VisualStudioVersion = 17.5.002.0
MinimumVisualStudioVersion = 10.0.40219.1
Project("{9A19103F-16F7-4668-BE54-9A1E7A4F7556}") = "DiabetWebSite", "DiabetWebSite.csproj", "{51BC5A8B-E8D2-446A-BCE8-B6E4807F8539}"
EndProject
Global
	GlobalSection(SolutionConfigurationPlatforms) = preSolution
		Debug|Any CPU = Debug|Any CPU
		Release|Any CPU = Release|Any CPU
	EndGlobalSection
	GlobalSection(ProjectConfigurationPlatforms) = postSolution
		{51BC5A8B-E8D2-446A-BCE8-B6E4807F8539}.Debug|Any CPU.ActiveCfg = Debug|Any CPU
		{51BC5A8B-E8D2-446A-BCE8-B6E4807F8539}.Debug|Any CPU.Build.0 = Debug|Any CPU
		{51BC5A8B-E8D2-446A-BCE8-B6E4807F8539}.Release|Any CPU.ActiveCfg = Release|Any CPU
		{51BC5A8B-E8D2-446A-BCE8-B6E4807F8539}.Release|Any CPU.Build.0 = Release|Any CPU
	EndGlobalSection
	GlobalSection(SolutionProperties) = preSolution
		HideSolutionNode = FALSE
	EndGlobalSection
	GlobalSection(ExtensibilityGlobals) = postSolution
		SolutionGuid = {1342FFF1-F79E-4ABF-9E78-AC38A1B45803}
	EndGlobalSection
EndGlobal
